
Microsoft Visual Studio Solution File, Format Version 12.00
# Visual Studio Version 17
VisualStudioVersion = 17.5.33516.290
MinimumVisualStudioVersion = 10.0.40219.1
Project("{9A19103F-16F7-4668-BE54-9A1E7A4F7556}") = "MementoMori", "MementoMori.csproj", "{CC76E5C2-3A80-497D-B9DE-9F0ADE24161F}"
EndProject
Global
	GlobalSection(SolutionConfigurationPlatforms) = preSolution
		Debug|Any CPU = Debug|Any CPU
		Release|Any CPU = Release|Any CPU
	EndGlobalSection
	GlobalSection(ProjectConfigurationPlatforms) = postSolution
		{CC76E5C2-3A80-497D-B9DE-9F0ADE24161F}.Debug|Any CPU.ActiveCfg = Debug|Any CPU
		{CC76E5C2-3A80-497D-B9DE-9F0ADE24161F}.Debug|Any CPU.Build.0 = Debug|Any CPU
		{CC76E5C2-3A80-497D-B9DE-9F0ADE24161F}.Release|Any CPU.ActiveCfg = Release|Any CPU
		{CC76E5C2-3A80-497D-B9DE-9F0ADE24161F}.Release|Any CPU.Build.0 = Release|Any CPU
	EndGlobalSection
	GlobalSection(SolutionProperties) = preSolution
		HideSolutionNode = FALSE
	EndGlobalSection
	GlobalSection(ExtensibilityGlobals) = postSolution
		SolutionGuid = {099A61B3-0278-4AC1-AB3C-1204A630905F}
	EndGlobalSection
EndGlobal
